
Microsoft Visual Studio Solution File, Format Version 12.00
# Visual Studio Version 17
VisualStudioVersion = 17.7.34031.279
MinimumVisualStudioVersion = 10.0.40219.1
Project("{FAE04EC0-301F-11D3-BF4B-00C04F79EFBC}") = "Examen_AllanT", "Examen_AllanT\Examen_AllanT.csproj", "{2E7C48BA-D583-45DE-A3B6-BC4FD2AA4C8E}"
EndProject
Global
	GlobalSection(SolutionConfigurationPlatforms) = preSolution
		Debug|Any CPU = Debug|Any CPU
		Release|Any CPU = Release|Any CPU
	EndGlobalSection
	GlobalSection(ProjectConfigurationPlatforms) = postSolution
		{2E7C48BA-D583-45DE-A3B6-BC4FD2AA4C8E}.Debug|Any CPU.ActiveCfg = Debug|Any CPU
		{2E7C48BA-D583-45DE-A3B6-BC4FD2AA4C8E}.Debug|Any CPU.Build.0 = Debug|Any CPU
		{2E7C48BA-D583-45DE-A3B6-BC4FD2AA4C8E}.Release|Any CPU.ActiveCfg = Release|Any CPU
		{2E7C48BA-D583-45DE-A3B6-BC4FD2AA4C8E}.Release|Any CPU.Build.0 = Release|Any CPU
	EndGlobalSection
	GlobalSection(SolutionProperties) = preSolution
		HideSolutionNode = FALSE
	EndGlobalSection
	GlobalSection(ExtensibilityGlobals) = postSolution
		SolutionGuid = {526A0928-EFC3-44BC-86B8-5256ACF8B77A}
	EndGlobalSection
EndGlobal
